
Microsoft Visual Studio Solution File, Format Version 12.00
# Visual Studio Version 16
VisualStudioVersion = 16.0.31321.278
MinimumVisualStudioVersion = 10.0.40219.1
Project("{FAE04EC0-301F-11D3-BF4B-00C04F79EFBC}") = "WebApiCRUD - Computers", "WebApiCRUD - Computers\WebApiCRUD - Computers.csproj", "{6887183B-76AD-4700-92B5-775B745AC3EA}"
EndProject
Global
	GlobalSection(SolutionConfigurationPlatforms) = preSolution
		Debug|Any CPU = Debug|Any CPU
		Release|Any CPU = Release|Any CPU
	EndGlobalSection
	GlobalSection(ProjectConfigurationPlatforms) = postSolution
		{6887183B-76AD-4700-92B5-775B745AC3EA}.Debug|Any CPU.ActiveCfg = Debug|Any CPU
		{6887183B-76AD-4700-92B5-775B745AC3EA}.Debug|Any CPU.Build.0 = Debug|Any CPU
		{6887183B-76AD-4700-92B5-775B745AC3EA}.Release|Any CPU.ActiveCfg = Release|Any CPU
		{6887183B-76AD-4700-92B5-775B745AC3EA}.Release|Any CPU.Build.0 = Release|Any CPU
	EndGlobalSection
	GlobalSection(SolutionProperties) = preSolution
		HideSolutionNode = FALSE
	EndGlobalSection
	GlobalSection(ExtensibilityGlobals) = postSolution
		SolutionGuid = {58F0321B-3D30-4673-97DC-014BE19AA6D5}
	EndGlobalSection
EndGlobal
